
Microsoft Visual Studio Solution File, Format Version 12.00
# Visual Studio Version 16
VisualStudioVersion = 16.0.29926.136
MinimumVisualStudioVersion = 10.0.40219.1
Project("{FAE04EC0-301F-11D3-BF4B-00C04F79EFBC}") = "EfCoreTest.Api", "EfCoreTest\EfCoreTest.Api.csproj", "{8AD85E81-F892-4B3E-BFAC-7ADB90B5D3DC}"
EndProject
Project("{FAE04EC0-301F-11D3-BF4B-00C04F79EFBC}") = "EfCoreTest.Application", "EfCoreTest.Application\EfCoreTest.Application.csproj", "{CEE34E03-802B-4B62-882D-8570494BA787}"
EndProject
Project("{FAE04EC0-301F-11D3-BF4B-00C04F79EFBC}") = "EfCoreTest.Persistence", "EfCoreTest.Persistence\EfCoreTest.Persistence.csproj", "{3B94A39C-7E99-4208-85AB-4BCB5BB892A2}"
EndProject
Global
	GlobalSection(SolutionConfigurationPlatforms) = preSolution
		Debug|Any CPU = Debug|Any CPU
		Release|Any CPU = Release|Any CPU
	EndGlobalSection
	GlobalSection(ProjectConfigurationPlatforms) = postSolution
		{8AD85E81-F892-4B3E-BFAC-7ADB90B5D3DC}.Debug|Any CPU.ActiveCfg = Debug|Any CPU
		{8AD85E81-F892-4B3E-BFAC-7ADB90B5D3DC}.Debug|Any CPU.Build.0 = Debug|Any CPU
		{8AD85E81-F892-4B3E-BFAC-7ADB90B5D3DC}.Release|Any CPU.ActiveCfg = Release|Any CPU
		{8AD85E81-F892-4B3E-BFAC-7ADB90B5D3DC}.Release|Any CPU.Build.0 = Release|Any CPU
		{CEE34E03-802B-4B62-882D-8570494BA787}.Debug|Any CPU.ActiveCfg = Debug|Any CPU
		{CEE34E03-802B-4B62-882D-8570494BA787}.Debug|Any CPU.Build.0 = Debug|Any CPU
		{CEE34E03-802B-4B62-882D-8570494BA787}.Release|Any CPU.ActiveCfg = Release|Any CPU
		{CEE34E03-802B-4B62-882D-8570494BA787}.Release|Any CPU.Build.0 = Release|Any CPU
		{3B94A39C-7E99-4208-85AB-4BCB5BB892A2}.Debug|Any CPU.ActiveCfg = Debug|Any CPU
		{3B94A39C-7E99-4208-85AB-4BCB5BB892A2}.Debug|Any CPU.Build.0 = Debug|Any CPU
		{3B94A39C-7E99-4208-85AB-4BCB5BB892A2}.Release|Any CPU.ActiveCfg = Release|Any CPU
		{3B94A39C-7E99-4208-85AB-4BCB5BB892A2}.Release|Any CPU.Build.0 = Release|Any CPU
	EndGlobalSection
	GlobalSection(SolutionProperties) = preSolution
		HideSolutionNode = FALSE
	EndGlobalSection
	GlobalSection(ExtensibilityGlobals) = postSolution
		SolutionGuid = {56D921F9-AD53-4104-AAE6-7CDDFFA56201}
	EndGlobalSection
EndGlobal
